
Microsoft Visual Studio Solution File, Format Version 12.00
# Visual Studio 15
VisualStudioVersion = 15.0.28307.1622
MinimumVisualStudioVersion = 10.0.40219.1
Project("{FAE04EC0-301F-11D3-BF4B-00C04F79EFBC}") = "TicariOtomasyon", "TicariOtomasyon\TicariOtomasyon.csproj", "{0847DF06-09F5-4B19-9902-7C61052BEBB0}"
EndProject
Global
	GlobalSection(SolutionConfigurationPlatforms) = preSolution
		Debug|Any CPU = Debug|Any CPU
		Release|Any CPU = Release|Any CPU
	EndGlobalSection
	GlobalSection(ProjectConfigurationPlatforms) = postSolution
		{0847DF06-09F5-4B19-9902-7C61052BEBB0}.Debug|Any CPU.ActiveCfg = Debug|Any CPU
		{0847DF06-09F5-4B19-9902-7C61052BEBB0}.Debug|Any CPU.Build.0 = Debug|Any CPU
		{0847DF06-09F5-4B19-9902-7C61052BEBB0}.Release|Any CPU.ActiveCfg = Release|Any CPU
		{0847DF06-09F5-4B19-9902-7C61052BEBB0}.Release|Any CPU.Build.0 = Release|Any CPU
	EndGlobalSection
	GlobalSection(SolutionProperties) = preSolution
		HideSolutionNode = FALSE
	EndGlobalSection
	GlobalSection(ExtensibilityGlobals) = postSolution
		SolutionGuid = {D7DE88EA-84CA-42C4-A349-41A9CCE00C18}
	EndGlobalSection
EndGlobal
